// !$*UTF8*$!
{
	archiveVersion = 1;
	classes = {
	};
	objectVersion = 55;
	objects = {

/* Begin PBXBuildFile section */
		237F8A8DE26B45DD040D398C /* Pods_ios_mvvm.framework in Frameworks */ = {isa = PBXBuildFile; fileRef = 45C1DAFB8BC653F24A36CAE1 /* Pods_ios_mvvm.framework */; };
		3E3B7EF428802BA8003BBAA5 /* NetworkConfig.m in Sources */ = {isa = PBXBuildFile; fileRef = 3E3B7EF328802BA8003BBAA5 /* NetworkConfig.m */; };
		3E3B7FC2288166FA003BBAA5 /* Reachability.m in Sources */ = {isa = PBXBuildFile; fileRef = 3E3B7FC0288166FA003BBAA5 /* Reachability.m */; };
		3E3B7FC528816748003BBAA5 /* GGReachability.m in Sources */ = {isa = PBXBuildFile; fileRef = 3E3B7FC428816748003BBAA5 /* GGReachability.m */; };
		3E6C908A287C690D006B4B64 /* LoginViewModel.m in Sources */ = {isa = PBXBuildFile; fileRef = 3E6C9089287C690D006B4B64 /* LoginViewModel.m */; };
		3E953D97287C2AA00060F134 /* AppDelegate.m in Sources */ = {isa = PBXBuildFile; fileRef = 3E953D96287C2AA00060F134 /* AppDelegate.m */; };
		3E953D9D287C2AA00060F134 /* ViewController.m in Sources */ = {isa = PBXBuildFile; fileRef = 3E953D9C287C2AA00060F134 /* ViewController.m */; };
		3E953DA2287C2AA30060F134 /* Assets.xcassets in Resources */ = {isa = PBXBuildFile; fileRef = 3E953DA1287C2AA30060F134 /* Assets.xcassets */; };
		3E953DA5287C2AA30060F134 /* LaunchScreen.storyboard in Resources */ = {isa = PBXBuildFile; fileRef = 3E953DA3287C2AA30060F134 /* LaunchScreen.storyboard */; };
		3E953DA8287C2AA30060F134 /* main.m in Sources */ = {isa = PBXBuildFile; fileRef = 3E953DA7287C2AA30060F134 /* main.m */; };
		3E953DB2287C32860060F134 /* MVCLoginViewController.m in Sources */ = {isa = PBXBuildFile; fileRef = 3E953DB1287C32860060F134 /* MVCLoginViewController.m */; };
		3E953DB5287C32CD0060F134 /* MVVMLoginViewController.m in Sources */ = {isa = PBXBuildFile; fileRef = 3E953DB4287C32CD0060F134 /* MVVMLoginViewController.m */; };
		3E953DB8287C34E40060F134 /* LoginModel.m in Sources */ = {isa = PBXBuildFile; fileRef = 3E953DB7287C34E40060F134 /* LoginModel.m */; };
		3E953DBB287C35AA0060F134 /* MVCLoginView.m in Sources */ = {isa = PBXBuildFile; fileRef = 3E953DBA287C35AA0060F134 /* MVCLoginView.m */; };
		3E953DBF287C3B0B0060F134 /* UIButton+Add.m in Sources */ = {isa = PBXBuildFile; fileRef = 3E953DBE287C3B0B0060F134 /* UIButton+Add.m */; };
		3E953DC3287EA5200060F134 /* NetworkRequest.m in Sources */ = {isa = PBXBuildFile; fileRef = 3E953DC2287EA5200060F134 /* NetworkRequest.m */; };
		3E953DC6287EA6D00060F134 /* NetworkBaseResponse.m in Sources */ = {isa = PBXBuildFile; fileRef = 3E953DC5287EA6D00060F134 /* NetworkBaseResponse.m */; };
		3EEAFF65287F0DDB00446FDF /* Network.m in Sources */ = {isa = PBXBuildFile; fileRef = 3EEAFF64287F0DDB00446FDF /* Network.m */; };
		3EEAFF68287F1B0000446FDF /* NSDate+Add.m in Sources */ = {isa = PBXBuildFile; fileRef = 3EEAFF67287F1B0000446FDF /* NSDate+Add.m */; };
/* End PBXBuildFile section */

/* Begin PBXFileReference section */
		3E3B7EF228802BA8003BBAA5 /* NetworkConfig.h */ = {isa = PBXFileReference; lastKnownFileType = sourcecode.c.h; path = NetworkConfig.h; sourceTree = "<group>"; };
		3E3B7EF328802BA8003BBAA5 /* NetworkConfig.m */ = {isa = PBXFileReference; lastKnownFileType = sourcecode.c.objc; path = NetworkConfig.m; sourceTree = "<group>"; };
		3E3B7FC0288166FA003BBAA5 /* Reachability.m */ = {isa = PBXFileReference; fileEncoding = 4; lastKnownFileType = sourcecode.c.objc; path = Reachability.m; sourceTree = "<group>"; };
		3E3B7FC1288166FA003BBAA5 /* Reachability.h */ = {isa = PBXFileReference; fileEncoding = 4; lastKnownFileType = sourcecode.c.h; path = Reachability.h; sourceTree = "<group>"; };
		3E3B7FC328816748003BBAA5 /* GGReachability.h */ = {isa = PBXFileReference; lastKnownFileType = sourcecode.c.h; path = GGReachability.h; sourceTree = "<group>"; };
		3E3B7FC428816748003BBAA5 /* GGReachability.m */ = {isa = PBXFileReference; lastKnownFileType = sourcecode.c.objc; path = GGReachability.m; sourceTree = "<group>"; };
		3E6C9088287C690D006B4B64 /* LoginViewModel.h */ = {isa = PBXFileReference; lastKnownFileType = sourcecode.c.h; path = LoginViewModel.h; sourceTree = "<group>"; };
		3E6C9089287C690D006B4B64 /* LoginViewModel.m */ = {isa = PBXFileReference; lastKnownFileType = sourcecode.c.objc; path = LoginViewModel.m; sourceTree = "<group>"; };
		3E953D92287C2AA00060F134 /* ios_mvvm.app */ = {isa = PBXFileReference; explicitFileType = wrapper.application; includeInIndex = 0; path = ios_mvvm.app; sourceTree = BUILT_PRODUCTS_DIR; };
		3E953D95287C2AA00060F134 /* AppDelegate.h */ = {isa = PBXFileReference; lastKnownFileType = sourcecode.c.h; path = AppDelegate.h; sourceTree = "<group>"; };
		3E953D96287C2AA00060F134 /* AppDelegate.m */ = {isa = PBXFileReference; lastKnownFileType = sourcecode.c.objc; path = AppDelegate.m; sourceTree = "<group>"; };
		3E953D9B287C2AA00060F134 /* ViewController.h */ = {isa = PBXFileReference; lastKnownFileType = sourcecode.c.h; path = ViewController.h; sourceTree = "<group>"; };
		3E953D9C287C2AA00060F134 /* ViewController.m */ = {isa = PBXFileReference; lastKnownFileType = sourcecode.c.objc; path = ViewController.m; sourceTree = "<group>"; };
		3E953DA1287C2AA30060F134 /* Assets.xcassets */ = {isa = PBXFileReference; lastKnownFileType = folder.assetcatalog; path = Assets.xcassets; sourceTree = "<group>"; };
		3E953DA4287C2AA30060F134 /* Base */ = {isa = PBXFileReference; lastKnownFileType = file.storyboard; name = Base; path = Base.lproj/LaunchScreen.storyboard; sourceTree = "<group>"; };
		3E953DA6287C2AA30060F134 /* Info.plist */ = {isa = PBXFileReference; lastKnownFileType = text.plist.xml; path = Info.plist; sourceTree = "<group>"; };
		3E953DA7287C2AA30060F134 /* main.m */ = {isa = PBXFileReference; lastKnownFileType = sourcecode.c.objc; path = main.m; sourceTree = "<group>"; };
		3E953DB0287C32860060F134 /* MVCLoginViewController.h */ = {isa = PBXFileReference; lastKnownFileType = sourcecode.c.h; path = MVCLoginViewController.h; sourceTree = "<group>"; };
		3E953DB1287C32860060F134 /* MVCLoginViewController.m */ = {isa = PBXFileReference; lastKnownFileType = sourcecode.c.objc; path = MVCLoginViewController.m; sourceTree = "<group>"; };
		3E953DB3287C32CD0060F134 /* MVVMLoginViewController.h */ = {isa = PBXFileReference; lastKnownFileType = sourcecode.c.h; path = MVVMLoginViewController.h; sourceTree = "<group>"; };
		3E953DB4287C32CD0060F134 /* MVVMLoginViewController.m */ = {isa = PBXFileReference; lastKnownFileType = sourcecode.c.objc; path = MVVMLoginViewController.m; sourceTree = "<group>"; };
		3E953DB6287C34E40060F134 /* LoginModel.h */ = {isa = PBXFileReference; lastKnownFileType = sourcecode.c.h; path = LoginModel.h; sourceTree = "<group>"; };
		3E953DB7287C34E40060F134 /* LoginModel.m */ = {isa = PBXFileReference; lastKnownFileType = sourcecode.c.objc; path = LoginModel.m; sourceTree = "<group>"; };
		3E953DB9287C35AA0060F134 /* MVCLoginView.h */ = {isa = PBXFileReference; lastKnownFileType = sourcecode.c.h; path = MVCLoginView.h; sourceTree = "<group>"; };
		3E953DBA287C35AA0060F134 /* MVCLoginView.m */ = {isa = PBXFileReference; lastKnownFileType = sourcecode.c.objc; path = MVCLoginView.m; sourceTree = "<group>"; };
		3E953DBD287C3B0B0060F134 /* UIButton+Add.h */ = {isa = PBXFileReference; lastKnownFileType = sourcecode.c.h; path = "UIButton+Add.h"; sourceTree = "<group>"; };
		3E953DBE287C3B0B0060F134 /* UIButton+Add.m */ = {isa = PBXFileReference; lastKnownFileType = sourcecode.c.objc; path = "UIButton+Add.m"; sourceTree = "<group>"; };
		3E953DC1287EA5200060F134 /* NetworkRequest.h */ = {isa = PBXFileReference; lastKnownFileType = sourcecode.c.h; path = NetworkRequest.h; sourceTree = "<group>"; };
		3E953DC2287EA5200060F134 /* NetworkRequest.m */ = {isa = PBXFileReference; lastKnownFileType = sourcecode.c.objc; path = NetworkRequest.m; sourceTree = "<group>"; };
		3E953DC4287EA6D00060F134 /* NetworkBaseResponse.h */ = {isa = PBXFileReference; lastKnownFileType = sourcecode.c.h; path = NetworkBaseResponse.h; sourceTree = "<group>"; };
		3E953DC5287EA6D00060F134 /* NetworkBaseResponse.m */ = {isa = PBXFileReference; lastKnownFileType = sourcecode.c.objc; path = NetworkBaseResponse.m; sourceTree = "<group>"; };
		3EEAFF63287F0DDB00446FDF /* Network.h */ = {isa = PBXFileReference; lastKnownFileType = sourcecode.c.h; path = Network.h; sourceTree = "<group>"; };
		3EEAFF64287F0DDB00446FDF /* Network.m */ = {isa = PBXFileReference; lastKnownFileType = sourcecode.c.objc; path = Network.m; sourceTree = "<group>"; };
		3EEAFF66287F1B0000446FDF /* NSDate+Add.h */ = {isa = PBXFileReference; fileEncoding = 4; lastKnownFileType = sourcecode.c.h; path = "NSDate+Add.h"; sourceTree = "<group>"; };
		3EEAFF67287F1B0000446FDF /* NSDate+Add.m */ = {isa = PBXFileReference; fileEncoding = 4; lastKnownFileType = sourcecode.c.objc; path = "NSDate+Add.m"; sourceTree = "<group>"; };
		45C1DAFB8BC653F24A36CAE1 /* Pods_ios_mvvm.framework */ = {isa = PBXFileReference; explicitFileType = wrapper.framework; includeInIndex = 0; path = Pods_ios_mvvm.framework; sourceTree = BUILT_PRODUCTS_DIR; };
		E462960EFA993269D9819BB0 /* Pods-ios_mvvm.release.xcconfig */ = {isa = PBXFileReference; includeInIndex = 1; lastKnownFileType = text.xcconfig; name = "Pods-ios_mvvm.release.xcconfig"; path = "Target Support Files/Pods-ios_mvvm/Pods-ios_mvvm.release.xcconfig"; sourceTree = "<group>"; };
		E7A0D4C79F45AC127D6BB86E /* Pods-ios_mvvm.debug.xcconfig */ = {isa = PBXFileReference; includeInIndex = 1; lastKnownFileType = text.xcconfig; name = "Pods-ios_mvvm.debug.xcconfig"; path = "Target Support Files/Pods-ios_mvvm/Pods-ios_mvvm.debug.xcconfig"; sourceTree = "<group>"; };
/* End PBXFileReference section */

/* Begin PBXFrameworksBuildPhase section */
		3E953D8F287C2AA00060F134 /* Frameworks */ = {
			isa = PBXFrameworksBuildPhase;
			buildActionMask = 2147483647;
			files = (
				237F8A8DE26B45DD040D398C /* Pods_ios_mvvm.framework in Frameworks */,
			);
			runOnlyForDeploymentPostprocessing = 0;
		};
/* End PBXFrameworksBuildPhase section */

/* Begin PBXGroup section */
		3E3B7FBB2881664F003BBAA5 /* GGReachability */ = {
			isa = PBXGroup;
			children = (
				3E3B7FBF288166FA003BBAA5 /* Reachability */,
				3E3B7FC328816748003BBAA5 /* GGReachability.h */,
				3E3B7FC428816748003BBAA5 /* GGReachability.m */,
			);
			path = GGReachability;
			sourceTree = "<group>";
		};
		3E3B7FBF288166FA003BBAA5 /* Reachability */ = {
			isa = PBXGroup;
			children = (
				3E3B7FC0288166FA003BBAA5 /* Reachability.m */,
				3E3B7FC1288166FA003BBAA5 /* Reachability.h */,
			);
			path = Reachability;
			sourceTree = "<group>";
		};
		3E953D89287C2AA00060F134 = {
			isa = PBXGroup;
			children = (
				3E953D94287C2AA00060F134 /* ios_mvvm */,
				3E953D93287C2AA00060F134 /* Products */,
				F6D1CF908F1BFB681C2F67A3 /* Pods */,
				56C35A78F0902A18F1D45757 /* Frameworks */,
			);
			sourceTree = "<group>";
		};
		3E953D93287C2AA00060F134 /* Products */ = {
			isa = PBXGroup;
			children = (
				3E953D92287C2AA00060F134 /* ios_mvvm.app */,
			);
			name = Products;
			sourceTree = "<group>";
		};
		3E953D94287C2AA00060F134 /* ios_mvvm */ = {
			isa = PBXGroup;
			children = (
				3E3B7FBB2881664F003BBAA5 /* GGReachability */,
				3E953DC0287EA4DF0060F134 /* Network */,
				3E953DBC287C3AE50060F134 /* Category */,
				3E953DAF287C2EF70060F134 /* LoginMVVM */,
				3E953DAE287C2EE50060F134 /* LoginMVC */,
				3E953D95287C2AA00060F134 /* AppDelegate.h */,
				3E953D96287C2AA00060F134 /* AppDelegate.m */,
				3E953D9B287C2AA00060F134 /* ViewController.h */,
				3E953D9C287C2AA00060F134 /* ViewController.m */,
				3E953DA1287C2AA30060F134 /* Assets.xcassets */,
				3E953DA3287C2AA30060F134 /* LaunchScreen.storyboard */,
				3E953DA6287C2AA30060F134 /* Info.plist */,
				3E953DA7287C2AA30060F134 /* main.m */,
				3E953DB6287C34E40060F134 /* LoginModel.h */,
				3E953DB7287C34E40060F134 /* LoginModel.m */,
			);
			path = ios_mvvm;
			sourceTree = "<group>";
		};
		3E953DAE287C2EE50060F134 /* LoginMVC */ = {
			isa = PBXGroup;
			children = (
				3E953DB9287C35AA0060F134 /* MVCLoginView.h */,
				3E953DBA287C35AA0060F134 /* MVCLoginView.m */,
				3E953DB0287C32860060F134 /* MVCLoginViewController.h */,
				3E953DB1287C32860060F134 /* MVCLoginViewController.m */,
			);
			path = LoginMVC;
			sourceTree = "<group>";
		};
		3E953DAF287C2EF70060F134 /* LoginMVVM */ = {
			isa = PBXGroup;
			children = (
				3E953DB3287C32CD0060F134 /* MVVMLoginViewController.h */,
				3E953DB4287C32CD0060F134 /* MVVMLoginViewController.m */,
				3E6C9088287C690D006B4B64 /* LoginViewModel.h */,
				3E6C9089287C690D006B4B64 /* LoginViewModel.m */,
			);
			path = LoginMVVM;
			sourceTree = "<group>";
		};
		3E953DBC287C3AE50060F134 /* Category */ = {
			isa = PBXGroup;
			children = (
				3EEAFF66287F1B0000446FDF /* NSDate+Add.h */,
				3EEAFF67287F1B0000446FDF /* NSDate+Add.m */,
				3E953DBD287C3B0B0060F134 /* UIButton+Add.h */,
				3E953DBE287C3B0B0060F134 /* UIButton+Add.m */,
			);
			path = Category;
			sourceTree = "<group>";
		};
		3E953DC0287EA4DF0060F134 /* Network */ = {
			isa = PBXGroup;
			children = (
				3EEAFF63287F0DDB00446FDF /* Network.h */,
				3EEAFF64287F0DDB00446FDF /* Network.m */,
				3E953DC1287EA5200060F134 /* NetworkRequest.h */,
				3E953DC2287EA5200060F134 /* NetworkRequest.m */,
				3E953DC4287EA6D00060F134 /* NetworkBaseResponse.h */,
				3E953DC5287EA6D00060F134 /* NetworkBaseResponse.m */,
				3E3B7EF228802BA8003BBAA5 /* NetworkConfig.h */,
				3E3B7EF328802BA8003BBAA5 /* NetworkConfig.m */,
			);
			path = Network;
			sourceTree = "<group>";
		};
		56C35A78F0902A18F1D45757 /* Frameworks */ = {
			isa = PBXGroup;
			children = (
				45C1DAFB8BC653F24A36CAE1 /* Pods_ios_mvvm.framework */,
			);
			name = Frameworks;
			sourceTree = "<group>";
		};
		F6D1CF908F1BFB681C2F67A3 /* Pods */ = {
			isa = PBXGroup;
			children = (
				E7A0D4C79F45AC127D6BB86E /* Pods-ios_mvvm.debug.xcconfig */,
				E462960EFA993269D9819BB0 /* Pods-ios_mvvm.release.xcconfig */,
			);
			path = Pods;
			sourceTree = "<group>";
		};
/* End PBXGroup section */

/* Begin PBXNativeTarget section */
		3E953D91287C2AA00060F134 /* ios_mvvm */ = {
			isa = PBXNativeTarget;
			buildConfigurationList = 3E953DAB287C2AA30060F134 /* Build configuration list for PBXNativeTarget "ios_mvvm" */;
			buildPhases = (
				CD3C061E1A0048558EEDD8C7 /* [CP] Check Pods Manifest.lock */,
				3E953D8E287C2AA00060F134 /* Sources */,
				3E953D8F287C2AA00060F134 /* Frameworks */,
				3E953D90287C2AA00060F134 /* Resources */,
				8A5EAA09C7F9C08EA4E8B6B8 /* [CP] Embed Pods Frameworks */,
			);
			buildRules = (
			);
			dependencies = (
			);
			name = ios_mvvm;
			productName = ios_mvvm;
			productReference = 3E953D92287C2AA00060F134 /* ios_mvvm.app */;
			productType = "com.apple.product-type.application";
		};
/* End PBXNativeTarget section */

/* Begin PBXProject section */
		3E953D8A287C2AA00060F134 /* Project object */ = {
			isa = PBXProject;
			attributes = {
				BuildIndependentTargetsInParallel = 1;
				LastUpgradeCheck = 1340;
				TargetAttributes = {
					3E953D91287C2AA00060F134 = {
						CreatedOnToolsVersion = 13.4.1;
					};
				};
			};
			buildConfigurationList = 3E953D8D287C2AA00060F134 /* Build configuration list for PBXProject "ios_mvvm" */;
			compatibilityVersion = "Xcode 13.0";
			developmentRegion = en;
			hasScannedForEncodings = 0;
			knownRegions = (
				en,
				Base,
			);
			mainGroup = 3E953D89287C2AA00060F134;
			productRefGroup = 3E953D93287C2AA00060F134 /* Products */;
			projectDirPath = "";
			projectRoot = "";
			targets = (
				3E953D91287C2AA00060F134 /* ios_mvvm */,
			);
		};
/* End PBXProject section */

/* Begin PBXResourcesBuildPhase section */
		3E953D90287C2AA00060F134 /* Resources */ = {
			isa = PBXResourcesBuildPhase;
			buildActionMask = 2147483647;
			files = (
				3E953DA5287C2AA30060F134 /* LaunchScreen.storyboard in Resources */,
				3E953DA2287C2AA30060F134 /* Assets.xcassets in Resources */,
			);
			runOnlyForDeploymentPostprocessing = 0;
		};
/* End PBXResourcesBuildPhase section */

/* Begin PBXShellScriptBuildPhase section */
		8A5EAA09C7F9C08EA4E8B6B8 /* [CP] Embed Pods Frameworks */ = {
			isa = PBXShellScriptBuildPhase;
			buildActionMask = 2147483647;
			files = (
			);
			inputFileListPaths = (
				"${PODS_ROOT}/Target Support Files/Pods-ios_mvvm/Pods-ios_mvvm-frameworks-${CONFIGURATION}-input-files.xcfilelist",
			);
			name = "[CP] Embed Pods Frameworks";
			outputFileListPaths = (
				"${PODS_ROOT}/Target Support Files/Pods-ios_mvvm/Pods-ios_mvvm-frameworks-${CONFIGURATION}-output-files.xcfilelist",
			);
			runOnlyForDeploymentPostprocessing = 0;
			shellPath = /bin/sh;
			shellScript = "\"${PODS_ROOT}/Target Support Files/Pods-ios_mvvm/Pods-ios_mvvm-frameworks.sh\"\n";
			showEnvVarsInLog = 0;
		};
		CD3C061E1A0048558EEDD8C7 /* [CP] Check Pods Manifest.lock */ = {
			isa = PBXShellScriptBuildPhase;
			buildActionMask = 2147483647;
			files = (
			);
			inputFileListPaths = (
			);
			inputPaths = (
				"${PODS_PODFILE_DIR_PATH}/Podfile.lock",
				"${PODS_ROOT}/Manifest.lock",
			);
			name = "[CP] Check Pods Manifest.lock";
			outputFileListPaths = (
			);
			outputPaths = (
				"$(DERIVED_FILE_DIR)/Pods-ios_mvvm-checkManifestLockResult.txt",
			);
			runOnlyForDeploymentPostprocessing = 0;
			shellPath = /bin/sh;
			shellScript = "diff \"${PODS_PODFILE_DIR_PATH}/Podfile.lock\" \"${PODS_ROOT}/Manifest.lock\" > /dev/null\nif [ $? != 0 ] ; then\n    # print error to STDERR\n    echo \"error: The sandbox is not in sync with the Podfile.lock. Run 'pod install' or update your CocoaPods installation.\" >&2\n    exit 1\nfi\n# This output is used by Xcode 'outputs' to avoid re-running this script phase.\necho \"SUCCESS\" > \"${SCRIPT_OUTPUT_FILE_0}\"\n";
			showEnvVarsInLog = 0;
		};
/* End PBXShellScriptBuildPhase section */

/* Begin PBXSourcesBuildPhase section */
		3E953D8E287C2AA00060F134 /* Sources */ = {
			isa = PBXSourcesBuildPhase;
			buildActionMask = 2147483647;
			files = (
				3E953D9D287C2AA00060F134 /* ViewController.m in Sources */,
				3E953DB2287C32860060F134 /* MVCLoginViewController.m in Sources */,
				3E3B7EF428802BA8003BBAA5 /* NetworkConfig.m in Sources */,
				3E953DC6287EA6D00060F134 /* NetworkBaseResponse.m in Sources */,
				3E3B7FC2288166FA003BBAA5 /* Reachability.m in Sources */,
				3E953D97287C2AA00060F134 /* AppDelegate.m in Sources */,
				3E953DA8287C2AA30060F134 /* main.m in Sources */,
				3EEAFF68287F1B0000446FDF /* NSDate+Add.m in Sources */,
				3E953DBB287C35AA0060F134 /* MVCLoginView.m in Sources */,
				3E953DB5287C32CD0060F134 /* MVVMLoginViewController.m in Sources */,
				3E953DC3287EA5200060F134 /* NetworkRequest.m in Sources */,
				3E3B7FC528816748003BBAA5 /* GGReachability.m in Sources */,
				3E953DB8287C34E40060F134 /* LoginModel.m in Sources */,
				3E953DBF287C3B0B0060F134 /* UIButton+Add.m in Sources */,
				3EEAFF65287F0DDB00446FDF /* Network.m in Sources */,
				3E6C908A287C690D006B4B64 /* LoginViewModel.m in Sources */,
			);
			runOnlyForDeploymentPostprocessing = 0;
		};
/* End PBXSourcesBuildPhase section */

/* Begin PBXVariantGroup section */
		3E953DA3287C2AA30060F134 /* LaunchScreen.storyboard */ = {
			isa = PBXVariantGroup;
			children = (
				3E953DA4287C2AA30060F134 /* Base */,
			);
			name = LaunchScreen.storyboard;
			sourceTree = "<group>";
		};
/* End PBXVariantGroup section */

/* Begin XCBuildConfiguration section */
		3E953DA9287C2AA30060F134 /* Debug */ = {
			isa = XCBuildConfiguration;
			buildSettings = {
				ALWAYS_SEARCH_USER_PATHS = NO;
				CLANG_ANALYZER_NONNULL = YES;
				CLANG_ANALYZER_NUMBER_OBJECT_CONVERSION = YES_AGGRESSIVE;
				CLANG_CXX_LANGUAGE_STANDARD = "gnu++17";
				CLANG_ENABLE_MODULES = YES;
				CLANG_ENABLE_OBJC_ARC = YES;
				CLANG_ENABLE_OBJC_WEAK = YES;
				CLANG_WARN_BLOCK_CAPTURE_AUTORELEASING = YES;
				CLANG_WARN_BOOL_CONVERSION = YES;
				CLANG_WARN_COMMA = YES;
				CLANG_WARN_CONSTANT_CONVERSION = YES;
				CLANG_WARN_DEPRECATED_OBJC_IMPLEMENTATIONS = YES;
				CLANG_WARN_DIRECT_OBJC_ISA_USAGE = YES_ERROR;
				CLANG_WARN_DOCUMENTATION_COMMENTS = YES;
				CLANG_WARN_EMPTY_BODY = YES;
				CLANG_WARN_ENUM_CONVERSION = YES;
				CLANG_WARN_INFINITE_RECURSION = YES;
				CLANG_WARN_INT_CONVERSION = YES;
				CLANG_WARN_NON_LITERAL_NULL_CONVERSION = YES;
				CLANG_WARN_OBJC_IMPLICIT_RETAIN_SELF = YES;
				CLANG_WARN_OBJC_LITERAL_CONVERSION = YES;
				CLANG_WARN_OBJC_ROOT_CLASS = YES_ERROR;
				CLANG_WARN_QUOTED_INCLUDE_IN_FRAMEWORK_HEADER = YES;
				CLANG_WARN_RANGE_LOOP_ANALYSIS = YES;
				CLANG_WARN_STRICT_PROTOTYPES = YES;
				CLANG_WARN_SUSPICIOUS_MOVE = YES;
				CLANG_WARN_UNGUARDED_AVAILABILITY = YES_AGGRESSIVE;
				CLANG_WARN_UNREACHABLE_CODE = YES;
				CLANG_WARN__DUPLICATE_METHOD_MATCH = YES;
				COPY_PHASE_STRIP = NO;
				DEBUG_INFORMATION_FORMAT = dwarf;
				ENABLE_STRICT_OBJC_MSGSEND = YES;
				ENABLE_TESTABILITY = YES;
				GCC_C_LANGUAGE_STANDARD = gnu11;
				GCC_DYNAMIC_NO_PIC = NO;
				GCC_NO_COMMON_BLOCKS = YES;
				GCC_OPTIMIZATION_LEVEL = 0;
				GCC_PREPROCESSOR_DEFINITIONS = (
					"DEBUG=1",
					"$(inherited)",
				);
				GCC_WARN_64_TO_32_BIT_CONVERSION = YES;
				GCC_WARN_ABOUT_RETURN_TYPE = YES_ERROR;
				GCC_WARN_UNDECLARED_SELECTOR = YES;
				GCC_WARN_UNINITIALIZED_AUTOS = YES_AGGRESSIVE;
				GCC_WARN_UNUSED_FUNCTION = YES;
				GCC_WARN_UNUSED_VARIABLE = YES;
				IPHONEOS_DEPLOYMENT_TARGET = 15.5;
				MTL_ENABLE_DEBUG_INFO = INCLUDE_SOURCE;
				MTL_FAST_MATH = YES;
				ONLY_ACTIVE_ARCH = YES;
				SDKROOT = iphoneos;
			};
			name = Debug;
		};
		3E953DAA287C2AA30060F134 /* Release */ = {
			isa = XCBuildConfiguration;
			buildSettings = {
				ALWAYS_SEARCH_USER_PATHS = NO;
				CLANG_ANALYZER_NONNULL = YES;
				CLANG_ANALYZER_NUMBER_OBJECT_CONVERSION = YES_AGGRESSIVE;
				CLANG_CXX_LANGUAGE_STANDARD = "gnu++17";
				CLANG_ENABLE_MODULES = YES;
				CLANG_ENABLE_OBJC_ARC = YES;
				CLANG_ENABLE_OBJC_WEAK = YES;
				CLANG_WARN_BLOCK_CAPTURE_AUTORELEASING = YES;
				CLANG_WARN_BOOL_CONVERSION = YES;
				CLANG_WARN_COMMA = YES;
				CLANG_WARN_CONSTANT_CONVERSION = YES;
				CLANG_WARN_DEPRECATED_OBJC_IMPLEMENTATIONS = YES;
				CLANG_WARN_DIRECT_OBJC_ISA_USAGE = YES_ERROR;
				CLANG_WARN_DOCUMENTATION_COMMENTS = YES;
				CLANG_WARN_EMPTY_BODY = YES;
				CLANG_WARN_ENUM_CONVERSION = YES;
				CLANG_WARN_INFINITE_RECURSION = YES;
				CLANG_WARN_INT_CONVERSION = YES;
				CLANG_WARN_NON_LITERAL_NULL_CONVERSION = YES;
				CLANG_WARN_OBJC_IMPLICIT_RETAIN_SELF = YES;
				CLANG_WARN_OBJC_LITERAL_CONVERSION = YES;
				CLANG_WARN_OBJC_ROOT_CLASS = YES_ERROR;
				CLANG_WARN_QUOTED_INCLUDE_IN_FRAMEWORK_HEADER = YES;
				CLANG_WARN_RANGE_LOOP_ANALYSIS = YES;
				CLANG_WARN_STRICT_PROTOTYPES = YES;
				CLANG_WARN_SUSPICIOUS_MOVE = YES;
				CLANG_WARN_UNGUARDED_AVAILABILITY = YES_AGGRESSIVE;
				CLANG_WARN_UNREACHABLE_CODE = YES;
				CLANG_WARN__DUPLICATE_METHOD_MATCH = YES;
				COPY_PHASE_STRIP = NO;
				DEBUG_INFORMATION_FORMAT = "dwarf-with-dsym";
				ENABLE_NS_ASSERTIONS = NO;
				ENABLE_STRICT_OBJC_MSGSEND = YES;
				GCC_C_LANGUAGE_STANDARD = gnu11;
				GCC_NO_COMMON_BLOCKS = YES;
				GCC_WARN_64_TO_32_BIT_CONVERSION = YES;
				GCC_WARN_ABOUT_RETURN_TYPE = YES_ERROR;
				GCC_WARN_UNDECLARED_SELECTOR = YES;
				GCC_WARN_UNINITIALIZED_AUTOS = YES_AGGRESSIVE;
				GCC_WARN_UNUSED_FUNCTION = YES;
				GCC_WARN_UNUSED_VARIABLE = YES;
				IPHONEOS_DEPLOYMENT_TARGET = 15.5;
				MTL_ENABLE_DEBUG_INFO = NO;
				MTL_FAST_MATH = YES;
				SDKROOT = iphoneos;
				VALIDATE_PRODUCT = YES;
			};
			name = Release;
		};
		3E953DAC287C2AA30060F134 /* Debug */ = {
			isa = XCBuildConfiguration;
			baseConfigurationReference = E7A0D4C79F45AC127D6BB86E /* Pods-ios_mvvm.debug.xcconfig */;
			buildSettings = {
				ASSETCATALOG_COMPILER_APPICON_NAME = AppIcon;
				ASSETCATALOG_COMPILER_GLOBAL_ACCENT_COLOR_NAME = AccentColor;
				CODE_SIGN_IDENTITY = "Apple Development";
				CODE_SIGN_STYLE = Automatic;
				CURRENT_PROJECT_VERSION = 1;
				DEVELOPMENT_TEAM = 8K2955XFW8;
				GENERATE_INFOPLIST_FILE = YES;
				INFOPLIST_FILE = ios_mvvm/Info.plist;
				INFOPLIST_KEY_UIApplicationSupportsIndirectInputEvents = YES;
				INFOPLIST_KEY_UILaunchStoryboardName = LaunchScreen;
				INFOPLIST_KEY_UISupportedInterfaceOrientations_iPad = "UIInterfaceOrientationPortrait UIInterfaceOrientationPortraitUpsideDown UIInterfaceOrientationLandscapeLeft UIInterfaceOrientationLandscapeRight";
				INFOPLIST_KEY_UISupportedInterfaceOrientations_iPhone = "UIInterfaceOrientationPortrait UIInterfaceOrientationLandscapeLeft UIInterfaceOrientationLandscapeRight";
				IPHONEOS_DEPLOYMENT_TARGET = 10.0;
				LD_RUNPATH_SEARCH_PATHS = (
					"$(inherited)",
					"@executable_path/Frameworks",
				);
				MARKETING_VERSION = 1.0;
				PRODUCT_BUNDLE_IDENTIFIER = com.gaoyunze.mvvm;
				PRODUCT_NAME = "$(TARGET_NAME)";
				PROVISIONING_PROFILE_SPECIFIER = "";
				SWIFT_EMIT_LOC_STRINGS = YES;
				TARGETED_DEVICE_FAMILY = 1;
			};
			name = Debug;
		};
		3E953DAD287C2AA30060F134 /* Release */ = {
			isa = XCBuildConfiguration;
			baseConfigurationReference = E462960EFA993269D9819BB0 /* Pods-ios_mvvm.release.xcconfig */;
			buildSettings = {
				ASSETCATALOG_COMPILER_APPICON_NAME = AppIcon;
				ASSETCATALOG_COMPILER_GLOBAL_ACCENT_COLOR_NAME = AccentColor;
				CODE_SIGN_IDENTITY = "Apple Development";
				CODE_SIGN_STYLE = Automatic;
				CURRENT_PROJECT_VERSION = 1;
				DEVELOPMENT_TEAM = 8K2955XFW8;
				GENERATE_INFOPLIST_FILE = YES;
				INFOPLIST_FILE = ios_mvvm/Info.plist;
				INFOPLIST_KEY_UIApplicationSupportsIndirectInputEvents = YES;
				INFOPLIST_KEY_UILaunchStoryboardName = LaunchScreen;
				INFOPLIST_KEY_UISupportedInterfaceOrientations_iPad = "UIInterfaceOrientationPortrait UIInterfaceOrientationPortraitUpsideDown UIInterfaceOrientationLandscapeLeft UIInterfaceOrientationLandscapeRight";
				INFOPLIST_KEY_UISupportedInterfaceOrientations_iPhone = "UIInterfaceOrientationPortrait UIInterfaceOrientationLandscapeLeft UIInterfaceOrientationLandscapeRight";
				IPHONEOS_DEPLOYMENT_TARGET = 10.0;
				LD_RUNPATH_SEARCH_PATHS = (
					"$(inherited)",
					"@executable_path/Frameworks",
				);
				MARKETING_VERSION = 1.0;
				PRODUCT_BUNDLE_IDENTIFIER = com.gaoyunze.mvvm;
				PRODUCT_NAME = "$(TARGET_NAME)";
				PROVISIONING_PROFILE_SPECIFIER = "";
				SWIFT_EMIT_LOC_STRINGS = YES;
				TARGETED_DEVICE_FAMILY = 1;
			};
			name = Release;
		};
/* End XCBuildConfiguration section */

/* Begin XCConfigurationList section */
		3E953D8D287C2AA00060F134 /* Build configuration list for PBXProject "ios_mvvm" */ = {
			isa = XCConfigurationList;
			buildConfigurations = (
				3E953DA9287C2AA30060F134 /* Debug */,
				3E953DAA287C2AA30060F134 /* Release */,
			);
			defaultConfigurationIsVisible = 0;
			defaultConfigurationName = Release;
		};
		3E953DAB287C2AA30060F134 /* Build configuration list for PBXNativeTarget "ios_mvvm" */ = {
			isa = XCConfigurationList;
			buildConfigurations = (
				3E953DAC287C2AA30060F134 /* Debug */,
				3E953DAD287C2AA30060F134 /* Release */,
			);
			defaultConfigurationIsVisible = 0;
			defaultConfigurationName = Release;
		};
/* End XCConfigurationList section */
	};
	rootObject = 3E953D8A287C2AA00060F134 /* Project object */;
}
